github.com/micutio/goptional v0.0.0-20250425060816-464837472f53 h1:5YcjfB5F75/XPNZS73QVbeuZBGDWr6gTj84D0Orm8YM=
github.com/micutio/goptional v0.0.0-20250425060816-464837472f53/go.mod h1:Fwk1Ueq6mHTLBjfBtcJTRnE/5ASG9WhqbOif1w6C1Rs=
github.com/tidwall/btree v1.7.0 h1:L1fkJH/AuEh5zBnnBbmTwQ5Lt+bRJ5A8EWecslvo9iI=
github.com/tidwall/btree v1.7.0/go.mod h1:twD9XRA5jj9VUQGELzDO4HPQTNJsoWWfYEL+EUQ2cKY=
